
Microsoft Visual Studio Solution File, Format Version 12.00
# Visual Studio Version 17
VisualStudioVersion = 17.10.35004.147
MinimumVisualStudioVersion = 10.0.40219.1
Project("{9A19103F-16F7-4668-BE54-9A1E7A4F7556}") = "bv.web", "bv.web\bv.web.csproj", "{0977A7F6-858D-433C-9845-D552D67554A7}"
EndProject
Project("{9A19103F-16F7-4668-BE54-9A1E7A4F7556}") = "Hospital.Models", "Hospital.Models\Hospital.Models.csproj", "{BCF85D76-C994-4F18-9B23-D96E9055C897}"
EndProject
Project("{9A19103F-16F7-4668-BE54-9A1E7A4F7556}") = "Hospital.ViewModels", "Hospital.ViewModels\Hospital.ViewModels.csproj", "{39E96BE2-A588-4556-A22C-80C0BE0D42C3}"
EndProject
Project("{9A19103F-16F7-4668-BE54-9A1E7A4F7556}") = "Hospital.Repositories", "Hospital.Repositories\Hospital.Repositories.csproj", "{74CFC738-1643-423F-954E-A7C956DA9B8C}"
EndProject
Project("{9A19103F-16F7-4668-BE54-9A1E7A4F7556}") = "Hospital.Services", "Hospital.Services\Hospital.Services.csproj", "{3B146774-0D4A-4763-8B17-B10516DDC38F}"
EndProject
Project("{9A19103F-16F7-4668-BE54-9A1E7A4F7556}") = "Hospital.Utilities", "Hospital.Utilities\Hospital.Utilities.csproj", "{F8AC846A-1A2C-4F70-8675-D4BEF60CEB07}"
EndProject
Global
	GlobalSection(SolutionConfigurationPlatforms) = preSolution
		Debug|Any CPU = Debug|Any CPU
		Release|Any CPU = Release|Any CPU
	EndGlobalSection
	GlobalSection(ProjectConfigurationPlatforms) = postSolution
		{0977A7F6-858D-433C-9845-D552D67554A7}.Debug|Any CPU.ActiveCfg = Debug|Any CPU
		{0977A7F6-858D-433C-9845-D552D67554A7}.Debug|Any CPU.Build.0 = Debug|Any CPU
		{0977A7F6-858D-433C-9845-D552D67554A7}.Release|Any CPU.ActiveCfg = Release|Any CPU
		{0977A7F6-858D-433C-9845-D552D67554A7}.Release|Any CPU.Build.0 = Release|Any CPU
		{BCF85D76-C994-4F18-9B23-D96E9055C897}.Debug|Any CPU.ActiveCfg = Debug|Any CPU
		{BCF85D76-C994-4F18-9B23-D96E9055C897}.Debug|Any CPU.Build.0 = Debug|Any CPU
		{BCF85D76-C994-4F18-9B23-D96E9055C897}.Release|Any CPU.ActiveCfg = Release|Any CPU
		{BCF85D76-C994-4F18-9B23-D96E9055C897}.Release|Any CPU.Build.0 = Release|Any CPU
		{39E96BE2-A588-4556-A22C-80C0BE0D42C3}.Debug|Any CPU.ActiveCfg = Debug|Any CPU
		{39E96BE2-A588-4556-A22C-80C0BE0D42C3}.Debug|Any CPU.Build.0 = Debug|Any CPU
		{39E96BE2-A588-4556-A22C-80C0BE0D42C3}.Release|Any CPU.ActiveCfg = Release|Any CPU
		{39E96BE2-A588-4556-A22C-80C0BE0D42C3}.Release|Any CPU.Build.0 = Release|Any CPU
		{74CFC738-1643-423F-954E-A7C956DA9B8C}.Debug|Any CPU.ActiveCfg = Debug|Any CPU
		{74CFC738-1643-423F-954E-A7C956DA9B8C}.Debug|Any CPU.Build.0 = Debug|Any CPU
		{74CFC738-1643-423F-954E-A7C956DA9B8C}.Release|Any CPU.ActiveCfg = Release|Any CPU
		{74CFC738-1643-423F-954E-A7C956DA9B8C}.Release|Any CPU.Build.0 = Release|Any CPU
		{3B146774-0D4A-4763-8B17-B10516DDC38F}.Debug|Any CPU.ActiveCfg = Debug|Any CPU
		{3B146774-0D4A-4763-8B17-B10516DDC38F}.Debug|Any CPU.Build.0 = Debug|Any CPU
		{3B146774-0D4A-4763-8B17-B10516DDC38F}.Release|Any CPU.ActiveCfg = Release|Any CPU
		{3B146774-0D4A-4763-8B17-B10516DDC38F}.Release|Any CPU.Build.0 = Release|Any CPU
		{F8AC846A-1A2C-4F70-8675-D4BEF60CEB07}.Debug|Any CPU.ActiveCfg = Debug|Any CPU
		{F8AC846A-1A2C-4F70-8675-D4BEF60CEB07}.Debug|Any CPU.Build.0 = Debug|Any CPU
		{F8AC846A-1A2C-4F70-8675-D4BEF60CEB07}.Release|Any CPU.ActiveCfg = Release|Any CPU
		{F8AC846A-1A2C-4F70-8675-D4BEF60CEB07}.Release|Any CPU.Build.0 = Release|Any CPU
	EndGlobalSection
	GlobalSection(SolutionProperties) = preSolution
		HideSolutionNode = FALSE
	EndGlobalSection
	GlobalSection(ExtensibilityGlobals) = postSolution
		SolutionGuid = {3FCD8BF7-2E33-40A9-BF93-818D246476F0}
	EndGlobalSection
EndGlobal
